// !$*UTF8*$!
{
	archiveVersion = 1;
	classes = {
	};
	objectVersion = 77;
	objects = {

/* Begin PBXBuildFile section */
		057CA3B42E6A3D780077FF95 /* MuxPlayerSwift in Frameworks */ = {isa = PBXBuildFile; productRef = 057CA3B32E6A3D780077FF95 /* MuxPlayerSwift */; };
/* End PBXBuildFile section */

/* Begin PBXContainerItemProxy section */
		05E47D8F2E5E737F0055B115 /* PBXContainerItemProxy */ = {
			isa = PBXContainerItemProxy;
			containerPortal = 05E47D792E5E737D0055B115 /* Project object */;
			proxyType = 1;
			remoteGlobalIDString = 05E47D802E5E737D0055B115;
			remoteInfo = mindsherpa;
		};
		05E47D992E5E737F0055B115 /* PBXContainerItemProxy */ = {
			isa = PBXContainerItemProxy;
			containerPortal = 05E47D792E5E737D0055B115 /* Project object */;
			proxyType = 1;
			remoteGlobalIDString = 05E47D802E5E737D0055B115;
			remoteInfo = mindsherpa;
		};
/* End PBXContainerItemProxy section */

/* Begin PBXFileReference section */
		05E47D812E5E737D0055B115 /* mindsherpa.app */ = {isa = PBXFileReference; explicitFileType = wrapper.application; includeInIndex = 0; path = mindsherpa.app; sourceTree = BUILT_PRODUCTS_DIR; };
		05E47D8E2E5E737F0055B115 /* mindsherpaTests.xctest */ = {isa = PBXFileReference; explicitFileType = wrapper.cfbundle; includeInIndex = 0; path = mindsherpaTests.xctest; sourceTree = BUILT_PRODUCTS_DIR; };
		05E47D982E5E737F0055B115 /* mindsherpaUITests.xctest */ = {isa = PBXFileReference; explicitFileType = wrapper.cfbundle; includeInIndex = 0; path = mindsherpaUITests.xctest; sourceTree = BUILT_PRODUCTS_DIR; };
/* End PBXFileReference section */

/* Begin PBXFileSystemSynchronizedBuildFileExceptionSet section */
		057CA3C22E6DB5D20077FF95 /* Exceptions for "mindsherpa" folder in "mindsherpa" target */ = {
			isa = PBXFileSystemSynchronizedBuildFileExceptionSet;
			membershipExceptions = (
				Info.plist,
			);
			target = 05E47D802E5E737D0055B115 /* mindsherpa */;
		};
/* End PBXFileSystemSynchronizedBuildFileExceptionSet section */

/* Begin PBXFileSystemSynchronizedRootGroup section */
		05E47D832E5E737D0055B115 /* mindsherpa */ = {
			isa = PBXFileSystemSynchronizedRootGroup;
			exceptions = (
				057CA3C22E6DB5D20077FF95 /* Exceptions for "mindsherpa" folder in "mindsherpa" target */,
			);
			path = mindsherpa;
			sourceTree = "<group>";
		};
		05E47D912E5E737F0055B115 /* mindsherpaTests */ = {
			isa = PBXFileSystemSynchronizedRootGroup;
			path = mindsherpaTests;
			sourceTree = "<group>";
		};
		05E47D9B2E5E737F0055B115 /* mindsherpaUITests */ = {
			isa = PBXFileSystemSynchronizedRootGroup;
			path = mindsherpaUITests;
			sourceTree = "<group>";
		};
/* End PBXFileSystemSynchronizedRootGroup section */

/* Begin PBXFrameworksBuildPhase section */
		05E47D7E2E5E737D0055B115 /* Frameworks */ = {
			isa = PBXFrameworksBuildPhase;
			buildActionMask = 2147483647;
			files = (
				057CA3B42E6A3D780077FF95 /* MuxPlayerSwift in Frameworks */,
			);
			runOnlyForDeploymentPostprocessing = 0;
		};
		05E47D8B2E5E737F0055B115 /* Frameworks */ = {
			isa = PBXFrameworksBuildPhase;
			buildActionMask = 2147483647;
			files = (
			);
			runOnlyForDeploymentPostprocessing = 0;
		};
		05E47D952E5E737F0055B115 /* Frameworks */ = {
			isa = PBXFrameworksBuildPhase;
			buildActionMask = 2147483647;
			files = (
			);
			runOnlyForDeploymentPostprocessing = 0;
		};
/* End PBXFrameworksBuildPhase section */

/* Begin PBXGroup section */
		05E47D782E5E737D0055B115 = {
			isa = PBXGroup;
			children = (
				05E47D832E5E737D0055B115 /* mindsherpa */,
				05E47D912E5E737F0055B115 /* mindsherpaTests */,
				05E47D9B2E5E737F0055B115 /* mindsherpaUITests */,
				05E47D822E5E737D0055B115 /* Products */,
			);
			sourceTree = "<group>";
		};
		05E47D822E5E737D0055B115 /* Products */ = {
			isa = PBXGroup;
			children = (
				05E47D812E5E737D0055B115 /* mindsherpa.app */,
				05E47D8E2E5E737F0055B115 /* mindsherpaTests.xctest */,
				05E47D982E5E737F0055B115 /* mindsherpaUITests.xctest */,
			);
			name = Products;
			sourceTree = "<group>";
		};
/* End PBXGroup section */

/* Begin PBXNativeTarget section */
		05E47D802E5E737D0055B115 /* mindsherpa */ = {
			isa = PBXNativeTarget;
			buildConfigurationList = 05E47DA22E5E737F0055B115 /* Build configuration list for PBXNativeTarget "mindsherpa" */;
			buildPhases = (
				05E47D7D2E5E737D0055B115 /* Sources */,
				05E47D7E2E5E737D0055B115 /* Frameworks */,
				05E47D7F2E5E737D0055B115 /* Resources */,
			);
			buildRules = (
			);
			dependencies = (
			);
			fileSystemSynchronizedGroups = (
				05E47D832E5E737D0055B115 /* mindsherpa */,
			);
			name = mindsherpa;
			packageProductDependencies = (
				057CA3B32E6A3D780077FF95 /* MuxPlayerSwift */,
			);
			productName = mindsherpa;
			productReference = 05E47D812E5E737D0055B115 /* mindsherpa.app */;
			productType = "com.apple.product-type.application";
		};
		05E47D8D2E5E737F0055B115 /* mindsherpaTests */ = {
			isa = PBXNativeTarget;
			buildConfigurationList = 05E47DA52E5E737F0055B115 /* Build configuration list for PBXNativeTarget "mindsherpaTests" */;
			buildPhases = (
				05E47D8A2E5E737F0055B115 /* Sources */,
				05E47D8B2E5E737F0055B115 /* Frameworks */,
				05E47D8C2E5E737F0055B115 /* Resources */,
			);
			buildRules = (
			);
			dependencies = (
				05E47D902E5E737F0055B115 /* PBXTargetDependency */,
			);
			fileSystemSynchronizedGroups = (
				05E47D912E5E737F0055B115 /* mindsherpaTests */,
			);
			name = mindsherpaTests;
			packageProductDependencies = (
			);
			productName = mindsherpaTests;
			productReference = 05E47D8E2E5E737F0055B115 /* mindsherpaTests.xctest */;
			productType = "com.apple.product-type.bundle.unit-test";
		};
		05E47D972E5E737F0055B115 /* mindsherpaUITests */ = {
			isa = PBXNativeTarget;
			buildConfigurationList = 05E47DA82E5E737F0055B115 /* Build configuration list for PBXNativeTarget "mindsherpaUITests" */;
			buildPhases = (
				05E47D942E5E737F0055B115 /* Sources */,
				05E47D952E5E737F0055B115 /* Frameworks */,
				05E47D962E5E737F0055B115 /* Resources */,
			);
			buildRules = (
			);
			dependencies = (
				05E47D9A2E5E737F0055B115 /* PBXTargetDependency */,
			);
			fileSystemSynchronizedGroups = (
				05E47D9B2E5E737F0055B115 /* mindsherpaUITests */,
			);
			name = mindsherpaUITests;
			packageProductDependencies = (
			);
			productName = mindsherpaUITests;
			productReference = 05E47D982E5E737F0055B115 /* mindsherpaUITests.xctest */;
			productType = "com.apple.product-type.bundle.ui-testing";
		};
/* End PBXNativeTarget section */

/* Begin PBXProject section */
		05E47D792E5E737D0055B115 /* Project object */ = {
			isa = PBXProject;
			attributes = {
				BuildIndependentTargetsInParallel = 1;
				LastSwiftUpdateCheck = 1640;
				LastUpgradeCheck = 1640;
				TargetAttributes = {
					05E47D802E5E737D0055B115 = {
						CreatedOnToolsVersion = 16.4;
					};
					05E47D8D2E5E737F0055B115 = {
						CreatedOnToolsVersion = 16.4;
						TestTargetID = 05E47D802E5E737D0055B115;
					};
					05E47D972E5E737F0055B115 = {
						CreatedOnToolsVersion = 16.4;
						TestTargetID = 05E47D802E5E737D0055B115;
					};
				};
			};
			buildConfigurationList = 05E47D7C2E5E737D0055B115 /* Build configuration list for PBXProject "mindsherpa" */;
			developmentRegion = en;
			hasScannedForEncodings = 0;
			knownRegions = (
				en,
				Base,
			);
			mainGroup = 05E47D782E5E737D0055B115;
			minimizedProjectReferenceProxies = 1;
			packageReferences = (
				057CA3B22E6A3D3E0077FF95 /* XCRemoteSwiftPackageReference "mux-player-swift" */,
			);
			preferredProjectObjectVersion = 77;
			productRefGroup = 05E47D822E5E737D0055B115 /* Products */;
			projectDirPath = "";
			projectRoot = "";
			targets = (
				05E47D802E5E737D0055B115 /* mindsherpa */,
				05E47D8D2E5E737F0055B115 /* mindsherpaTests */,
				05E47D972E5E737F0055B115 /* mindsherpaUITests */,
			);
		};
/* End PBXProject section */

/* Begin PBXResourcesBuildPhase section */
		05E47D7F2E5E737D0055B115 /* Resources */ = {
			isa = PBXResourcesBuildPhase;
			buildActionMask = 2147483647;
			files = (
			);
			runOnlyForDeploymentPostprocessing = 0;
		};
		05E47D8C2E5E737F0055B115 /* Resources */ = {
			isa = PBXResourcesBuildPhase;
			buildActionMask = 2147483647;
			files = (
			);
			runOnlyForDeploymentPostprocessing = 0;
		};
		05E47D962E5E737F0055B115 /* Resources */ = {
			isa = PBXResourcesBuildPhase;
			buildActionMask = 2147483647;
			files = (
			);
			runOnlyForDeploymentPostprocessing = 0;
		};
/* End PBXResourcesBuildPhase section */

/* Begin PBXSourcesBuildPhase section */
		05E47D7D2E5E737D0055B115 /* Sources */ = {
			isa = PBXSourcesBuildPhase;
			buildActionMask = 2147483647;
			files = (
			);
			runOnlyForDeploymentPostprocessing = 0;
		};
		05E47D8A2E5E737F0055B115 /* Sources */ = {
			isa = PBXSourcesBuildPhase;
			buildActionMask = 2147483647;
			files = (
			);
			runOnlyForDeploymentPostprocessing = 0;
		};
		05E47D942E5E737F0055B115 /* Sources */ = {
			isa = PBXSourcesBuildPhase;
			buildActionMask = 2147483647;
			files = (
			);
			runOnlyForDeploymentPostprocessing = 0;
		};
/* End PBXSourcesBuildPhase section */

/* Begin PBXTargetDependency section */
		05E47D902E5E737F0055B115 /* PBXTargetDependency */ = {
			isa = PBXTargetDependency;
			target = 05E47D802E5E737D0055B115 /* mindsherpa */;
			targetProxy = 05E47D8F2E5E737F0055B115 /* PBXContainerItemProxy */;
		};
		05E47D9A2E5E737F0055B115 /* PBXTargetDependency */ = {
			isa = PBXTargetDependency;
			target = 05E47D802E5E737D0055B115 /* mindsherpa */;
			targetProxy = 05E47D992E5E737F0055B115 /* PBXContainerItemProxy */;
		};
/* End PBXTargetDependency section */

/* Begin XCBuildConfiguration section */
		05E47DA02E5E737F0055B115 /* Debug */ = {
			isa = XCBuildConfiguration;
			buildSettings = {
				ALWAYS_SEARCH_USER_PATHS = NO;
				ASSETCATALOG_COMPILER_GENERATE_SWIFT_ASSET_SYMBOL_EXTENSIONS = YES;
				CLANG_ANALYZER_NONNULL = YES;
				CLANG_ANALYZER_NUMBER_OBJECT_CONVERSION = YES_AGGRESSIVE;
				CLANG_CXX_LANGUAGE_STANDARD = "gnu++20";
				CLANG_ENABLE_MODULES = YES;
				CLANG_ENABLE_OBJC_ARC = YES;
				CLANG_ENABLE_OBJC_WEAK = YES;
				CLANG_WARN_BLOCK_CAPTURE_AUTORELEASING = YES;
				CLANG_WARN_BOOL_CONVERSION = YES;
				CLANG_WARN_COMMA = YES;
				CLANG_WARN_CONSTANT_CONVERSION = YES;
				CLANG_WARN_DEPRECATED_OBJC_IMPLEMENTATIONS = YES;
				CLANG_WARN_DIRECT_OBJC_ISA_USAGE = YES_ERROR;
				CLANG_WARN_DOCUMENTATION_COMMENTS = YES;
				CLANG_WARN_EMPTY_BODY = YES;
				CLANG_WARN_ENUM_CONVERSION = YES;
				CLANG_WARN_INFINITE_RECURSION = YES;
				CLANG_WARN_INT_CONVERSION = YES;
				CLANG_WARN_NON_LITERAL_NULL_CONVERSION = YES;
				CLANG_WARN_OBJC_IMPLICIT_RETAIN_SELF = YES;
				CLANG_WARN_OBJC_LITERAL_CONVERSION = YES;
				CLANG_WARN_OBJC_ROOT_CLASS = YES_ERROR;
				CLANG_WARN_QUOTED_INCLUDE_IN_FRAMEWORK_HEADER = YES;
				CLANG_WARN_RANGE_LOOP_ANALYSIS = YES;
				CLANG_WARN_STRICT_PROTOTYPES = YES;
				CLANG_WARN_SUSPICIOUS_MOVE = YES;
				CLANG_WARN_UNGUARDED_AVAILABILITY = YES_AGGRESSIVE;
				CLANG_WARN_UNREACHABLE_CODE = YES;
				CLANG_WARN__DUPLICATE_METHOD_MATCH = YES;
				COPY_PHASE_STRIP = NO;
				DEBUG_INFORMATION_FORMAT = dwarf;
				DEVELOPMENT_TEAM = J74E4J2CE7;
				ENABLE_STRICT_OBJC_MSGSEND = YES;
				ENABLE_TESTABILITY = YES;
				ENABLE_USER_SCRIPT_SANDBOXING = YES;
				GCC_C_LANGUAGE_STANDARD = gnu17;
				GCC_DYNAMIC_NO_PIC = NO;
				GCC_NO_COMMON_BLOCKS = YES;
				GCC_OPTIMIZATION_LEVEL = 0;
				GCC_PREPROCESSOR_DEFINITIONS = (
					"DEBUG=1",
					"$(inherited)",
				);
				GCC_WARN_64_TO_32_BIT_CONVERSION = YES;
				GCC_WARN_ABOUT_RETURN_TYPE = YES_ERROR;
				GCC_WARN_UNDECLARED_SELECTOR = YES;
				GCC_WARN_UNINITIALIZED_AUTOS = YES_AGGRESSIVE;
				GCC_WARN_UNUSED_FUNCTION = YES;
				GCC_WARN_UNUSED_VARIABLE = YES;
				IPHONEOS_DEPLOYMENT_TARGET = 18.5;
				LOCALIZATION_PREFERS_STRING_CATALOGS = YES;
				MTL_ENABLE_DEBUG_INFO = INCLUDE_SOURCE;
				MTL_FAST_MATH = YES;
				ONLY_ACTIVE_ARCH = YES;
				SDKROOT = iphoneos;
				SWIFT_ACTIVE_COMPILATION_CONDITIONS = "DEBUG $(inherited)";
				SWIFT_OPTIMIZATION_LEVEL = "-Onone";
			};
			name = Debug;
		};
		05E47DA12E5E737F0055B115 /* Release */ = {
			isa = XCBuildConfiguration;
			buildSettings = {
				ALWAYS_SEARCH_USER_PATHS = NO;
				ASSETCATALOG_COMPILER_GENERATE_SWIFT_ASSET_SYMBOL_EXTENSIONS = YES;
				CLANG_ANALYZER_NONNULL = YES;
				CLANG_ANALYZER_NUMBER_OBJECT_CONVERSION = YES_AGGRESSIVE;
				CLANG_CXX_LANGUAGE_STANDARD = "gnu++20";
				CLANG_ENABLE_MODULES = YES;
				CLANG_ENABLE_OBJC_ARC = YES;
				CLANG_ENABLE_OBJC_WEAK = YES;
				CLANG_WARN_BLOCK_CAPTURE_AUTORELEASING = YES;
				CLANG_WARN_BOOL_CONVERSION = YES;
				CLANG_WARN_COMMA = YES;
				CLANG_WARN_CONSTANT_CONVERSION = YES;
				CLANG_WARN_DEPRECATED_OBJC_IMPLEMENTATIONS = YES;
				CLANG_WARN_DIRECT_OBJC_ISA_USAGE = YES_ERROR;
				CLANG_WARN_DOCUMENTATION_COMMENTS = YES;
				CLANG_WARN_EMPTY_BODY = YES;
				CLANG_WARN_ENUM_CONVERSION = YES;
				CLANG_WARN_INFINITE_RECURSION = YES;
				CLANG_WARN_INT_CONVERSION = YES;
				CLANG_WARN_NON_LITERAL_NULL_CONVERSION = YES;
				CLANG_WARN_OBJC_IMPLICIT_RETAIN_SELF = YES;
				CLANG_WARN_OBJC_LITERAL_CONVERSION = YES;
				CLANG_WARN_OBJC_ROOT_CLASS = YES_ERROR;
				CLANG_WARN_QUOTED_INCLUDE_IN_FRAMEWORK_HEADER = YES;
				CLANG_WARN_RANGE_LOOP_ANALYSIS = YES;
				CLANG_WARN_STRICT_PROTOTYPES = YES;
				CLANG_WARN_SUSPICIOUS_MOVE = YES;
				CLANG_WARN_UNGUARDED_AVAILABILITY = YES_AGGRESSIVE;
				CLANG_WARN_UNREACHABLE_CODE = YES;
				CLANG_WARN__DUPLICATE_METHOD_MATCH = YES;
				COPY_PHASE_STRIP = NO;
				DEBUG_INFORMATION_FORMAT = "dwarf-with-dsym";
				DEVELOPMENT_TEAM = J74E4J2CE7;
				ENABLE_NS_ASSERTIONS = NO;
				ENABLE_STRICT_OBJC_MSGSEND = YES;
				ENABLE_USER_SCRIPT_SANDBOXING = YES;
				GCC_C_LANGUAGE_STANDARD = gnu17;
				GCC_NO_COMMON_BLOCKS = YES;
				GCC_WARN_64_TO_32_BIT_CONVERSION = YES;
				GCC_WARN_ABOUT_RETURN_TYPE = YES_ERROR;
				GCC_WARN_UNDECLARED_SELECTOR = YES;
				GCC_WARN_UNINITIALIZED_AUTOS = YES_AGGRESSIVE;
				GCC_WARN_UNUSED_FUNCTION = YES;
				GCC_WARN_UNUSED_VARIABLE = YES;
				IPHONEOS_DEPLOYMENT_TARGET = 18.5;
				LOCALIZATION_PREFERS_STRING_CATALOGS = YES;
				MTL_ENABLE_DEBUG_INFO = NO;
				MTL_FAST_MATH = YES;
				SDKROOT = iphoneos;
				SWIFT_COMPILATION_MODE = wholemodule;
				VALIDATE_PRODUCT = YES;
			};
			name = Release;
		};
		05E47DA32E5E737F0055B115 /* Debug */ = {
			isa = XCBuildConfiguration;
			buildSettings = {
				ASSETCATALOG_COMPILER_APPICON_NAME = AppIcon;
				ASSETCATALOG_COMPILER_GLOBAL_ACCENT_COLOR_NAME = AccentColor;
				CODE_SIGN_STYLE = Automatic;
				CURRENT_PROJECT_VERSION = 1;
				DEVELOPMENT_TEAM = J74E4J2CE7;
				ENABLE_PREVIEWS = YES;
				GENERATE_INFOPLIST_FILE = YES;
				INFOPLIST_FILE = mindsherpa/Info.plist;
				INFOPLIST_KEY_LSApplicationCategoryType = "public.app-category.education";
				INFOPLIST_KEY_UIApplicationSceneManifest_Generation = YES;
				INFOPLIST_KEY_UIApplicationSupportsIndirectInputEvents = YES;
				INFOPLIST_KEY_UILaunchScreen_Generation = YES;
				INFOPLIST_KEY_UISupportedInterfaceOrientations_iPad = "UIInterfaceOrientationPortrait UIInterfaceOrientationPortraitUpsideDown UIInterfaceOrientationLandscapeLeft UIInterfaceOrientationLandscapeRight";
				INFOPLIST_KEY_UISupportedInterfaceOrientations_iPhone = "UIInterfaceOrientationPortrait UIInterfaceOrientationLandscapeLeft UIInterfaceOrientationLandscapeRight";
				LD_RUNPATH_SEARCH_PATHS = (
					"$(inherited)",
					"@executable_path/Frameworks",
				);
				MARKETING_VERSION = 1.2.3;
				PRODUCT_BUNDLE_IDENTIFIER = com.evidencevc.mindsherpa;
				PRODUCT_NAME = "$(TARGET_NAME)";
				SWIFT_EMIT_LOC_STRINGS = YES;
				SWIFT_VERSION = 5.0;
				TARGETED_DEVICE_FAMILY = "1,2";
			};
			name = Debug;
		};
		05E47DA42E5E737F0055B115 /* Release */ = {
			isa = XCBuildConfiguration;
			buildSettings = {
				ASSETCATALOG_COMPILER_APPICON_NAME = AppIcon;
				ASSETCATALOG_COMPILER_GLOBAL_ACCENT_COLOR_NAME = AccentColor;
				CODE_SIGN_STYLE = Automatic;
				CURRENT_PROJECT_VERSION = 1;
				DEVELOPMENT_TEAM = J74E4J2CE7;
				ENABLE_PREVIEWS = YES;
				GENERATE_INFOPLIST_FILE = YES;
				INFOPLIST_FILE = mindsherpa/Info.plist;
				INFOPLIST_KEY_LSApplicationCategoryType = "public.app-category.education";
				INFOPLIST_KEY_UIApplicationSceneManifest_Generation = YES;
				INFOPLIST_KEY_UIApplicationSupportsIndirectInputEvents = YES;
				INFOPLIST_KEY_UILaunchScreen_Generation = YES;
				INFOPLIST_KEY_UISupportedInterfaceOrientations_iPad = "UIInterfaceOrientationPortrait UIInterfaceOrientationPortraitUpsideDown UIInterfaceOrientationLandscapeLeft UIInterfaceOrientationLandscapeRight";
				INFOPLIST_KEY_UISupportedInterfaceOrientations_iPhone = "UIInterfaceOrientationPortrait UIInterfaceOrientationLandscapeLeft UIInterfaceOrientationLandscapeRight";
				LD_RUNPATH_SEARCH_PATHS = (
					"$(inherited)",
					"@executable_path/Frameworks",
				);
				MARKETING_VERSION = 1.2.3;
				PRODUCT_BUNDLE_IDENTIFIER = com.evidencevc.mindsherpa;
				PRODUCT_NAME = "$(TARGET_NAME)";
				SWIFT_EMIT_LOC_STRINGS = YES;
				SWIFT_VERSION = 5.0;
				TARGETED_DEVICE_FAMILY = "1,2";
			};
			name = Release;
		};
		05E47DA62E5E737F0055B115 /* Debug */ = {
			isa = XCBuildConfiguration;
			buildSettings = {
				BUNDLE_LOADER = "$(TEST_HOST)";
				CODE_SIGN_STYLE = Automatic;
				CURRENT_PROJECT_VERSION = 1;
				DEVELOPMENT_TEAM = J74E4J2CE7;
				GENERATE_INFOPLIST_FILE = YES;
				IPHONEOS_DEPLOYMENT_TARGET = 18.5;
				MARKETING_VERSION = 1.0;
				PRODUCT_BUNDLE_IDENTIFIER = com.evidencevc.mindsherpaTests;
				PRODUCT_NAME = "$(TARGET_NAME)";
				SWIFT_EMIT_LOC_STRINGS = NO;
				SWIFT_VERSION = 5.0;
				TARGETED_DEVICE_FAMILY = "1,2";
				TEST_HOST = "$(BUILT_PRODUCTS_DIR)/mindsherpa.app/$(BUNDLE_EXECUTABLE_FOLDER_PATH)/mindsherpa";
			};
			name = Debug;
		};
		05E47DA72E5E737F0055B115 /* Release */ = {
			isa = XCBuildConfiguration;
			buildSettings = {
				BUNDLE_LOADER = "$(TEST_HOST)";
				CODE_SIGN_STYLE = Automatic;
				CURRENT_PROJECT_VERSION = 1;
				DEVELOPMENT_TEAM = J74E4J2CE7;
				GENERATE_INFOPLIST_FILE = YES;
				IPHONEOS_DEPLOYMENT_TARGET = 18.5;
				MARKETING_VERSION = 1.0;
				PRODUCT_BUNDLE_IDENTIFIER = com.evidencevc.mindsherpaTests;
				PRODUCT_NAME = "$(TARGET_NAME)";
				SWIFT_EMIT_LOC_STRINGS = NO;
				SWIFT_VERSION = 5.0;
				TARGETED_DEVICE_FAMILY = "1,2";
				TEST_HOST = "$(BUILT_PRODUCTS_DIR)/mindsherpa.app/$(BUNDLE_EXECUTABLE_FOLDER_PATH)/mindsherpa";
			};
			name = Release;
		};
		05E47DA92E5E737F0055B115 /* Debug */ = {
			isa = XCBuildConfiguration;
			buildSettings = {
				CODE_SIGN_STYLE = Automatic;
				CURRENT_PROJECT_VERSION = 1;
				DEVELOPMENT_TEAM = J74E4J2CE7;
				GENERATE_INFOPLIST_FILE = YES;
				MARKETING_VERSION = 1.0;
				PRODUCT_BUNDLE_IDENTIFIER = com.evidencevc.mindsherpaUITests;
				PRODUCT_NAME = "$(TARGET_NAME)";
				SWIFT_EMIT_LOC_STRINGS = NO;
				SWIFT_VERSION = 5.0;
				TARGETED_DEVICE_FAMILY = "1,2";
				TEST_TARGET_NAME = mindsherpa;
			};
			name = Debug;
		};
		05E47DAA2E5E737F0055B115 /* Release */ = {
			isa = XCBuildConfiguration;
			buildSettings = {
				CODE_SIGN_STYLE = Automatic;
				CURRENT_PROJECT_VERSION = 1;
				DEVELOPMENT_TEAM = J74E4J2CE7;
				GENERATE_INFOPLIST_FILE = YES;
				MARKETING_VERSION = 1.0;
				PRODUCT_BUNDLE_IDENTIFIER = com.evidencevc.mindsherpaUITests;
				PRODUCT_NAME = "$(TARGET_NAME)";
				SWIFT_EMIT_LOC_STRINGS = NO;
				SWIFT_VERSION = 5.0;
				TARGETED_DEVICE_FAMILY = "1,2";
				TEST_TARGET_NAME = mindsherpa;
			};
			name = Release;
		};
/* End XCBuildConfiguration section */

/* Begin XCConfigurationList section */
		05E47D7C2E5E737D0055B115 /* Build configuration list for PBXProject "mindsherpa" */ = {
			isa = XCConfigurationList;
			buildConfigurations = (
				05E47DA02E5E737F0055B115 /* Debug */,
				05E47DA12E5E737F0055B115 /* Release */,
			);
			defaultConfigurationIsVisible = 0;
			defaultConfigurationName = Release;
		};
		05E47DA22E5E737F0055B115 /* Build configuration list for PBXNativeTarget "mindsherpa" */ = {
			isa = XCConfigurationList;
			buildConfigurations = (
				05E47DA32E5E737F0055B115 /* Debug */,
				05E47DA42E5E737F0055B115 /* Release */,
			);
			defaultConfigurationIsVisible = 0;
			defaultConfigurationName = Release;
		};
		05E47DA52E5E737F0055B115 /* Build configuration list for PBXNativeTarget "mindsherpaTests" */ = {
			isa = XCConfigurationList;
			buildConfigurations = (
				05E47DA62E5E737F0055B115 /* Debug */,
				05E47DA72E5E737F0055B115 /* Release */,
			);
			defaultConfigurationIsVisible = 0;
			defaultConfigurationName = Release;
		};
		05E47DA82E5E737F0055B115 /* Build configuration list for PBXNativeTarget "mindsherpaUITests" */ = {
			isa = XCConfigurationList;
			buildConfigurations = (
				05E47DA92E5E737F0055B115 /* Debug */,
				05E47DAA2E5E737F0055B115 /* Release */,
			);
			defaultConfigurationIsVisible = 0;
			defaultConfigurationName = Release;
		};
/* End XCConfigurationList section */

/* Begin XCRemoteSwiftPackageReference section */
		057CA3B22E6A3D3E0077FF95 /* XCRemoteSwiftPackageReference "mux-player-swift" */ = {
			isa = XCRemoteSwiftPackageReference;
			repositoryURL = "https://github.com/muxinc/mux-player-swift";
			requirement = {
				branch = main;
				kind = branch;
			};
		};
/* End XCRemoteSwiftPackageReference section */

/* Begin XCSwiftPackageProductDependency section */
		057CA3B32E6A3D780077FF95 /* MuxPlayerSwift */ = {
			isa = XCSwiftPackageProductDependency;
			package = 057CA3B22E6A3D3E0077FF95 /* XCRemoteSwiftPackageReference "mux-player-swift" */;
			productName = MuxPlayerSwift;
		};
/* End XCSwiftPackageProductDependency section */
	};
	rootObject = 05E47D792E5E737D0055B115 /* Project object */;
}
